
Microsoft Visual Studio Solution File, Format Version 12.00
# Visual Studio 16
Project("{FAE04EC0-301F-11D3-BF4B-00C04F79EFBC}") = "Assembly-CSharp", "Assembly-CSharp.csproj", "{FF5028CC-60E0-773B-5FDB-4B14BEFAFFE8}"
EndProject
Project("{FAE04EC0-301F-11D3-BF4B-00C04F79EFBC}") = "Assembly-CSharp-Editor", "Assembly-CSharp-Editor.csproj", "{83AC40DC-6A2F-95EB-2578-F2C450CE6477}"
EndProject
Global
	GlobalSection(SolutionConfigurationPlatforms) = preSolution
		Debug|Any CPU = Debug|Any CPU
		Release|Any CPU = Release|Any CPU
	EndGlobalSection
	GlobalSection(ProjectConfigurationPlatforms) = postSolution
		{FF5028CC-60E0-773B-5FDB-4B14BEFAFFE8}.Debug|Any CPU.ActiveCfg = Debug|Any CPU
		{FF5028CC-60E0-773B-5FDB-4B14BEFAFFE8}.Debug|Any CPU.Build.0 = Debug|Any CPU
		{FF5028CC-60E0-773B-5FDB-4B14BEFAFFE8}.Release|Any CPU.ActiveCfg = Release|Any CPU
		{FF5028CC-60E0-773B-5FDB-4B14BEFAFFE8}.Release|Any CPU.Build.0 = Release|Any CPU
		{83AC40DC-6A2F-95EB-2578-F2C450CE6477}.Debug|Any CPU.ActiveCfg = Debug|Any CPU
		{83AC40DC-6A2F-95EB-2578-F2C450CE6477}.Debug|Any CPU.Build.0 = Debug|Any CPU
		{83AC40DC-6A2F-95EB-2578-F2C450CE6477}.Release|Any CPU.ActiveCfg = Release|Any CPU
		{83AC40DC-6A2F-95EB-2578-F2C450CE6477}.Release|Any CPU.Build.0 = Release|Any CPU
	EndGlobalSection
	GlobalSection(SolutionProperties) = preSolution
		HideSolutionNode = FALSE
	EndGlobalSection
EndGlobal
